<?xml version="1.0" encoding="utf-8"?>
<Project ToolsVersion="4.0" xmlns="http://schemas.microsoft.com/developer/msbuild/2003">
  <ItemGroup>
    <Filter Include="Classes">
      <UniqueIdentifier>{4FC737F1-C7A5-4376-A066-2A32D752A2FF}</UniqueIdentifier>
      <Extensions>cpp;c;cc;cxx;def;odl;idl;hpj;bat;asm;asmx</Extensions>
    </Filter>
    <Filter Include="win32">
      <UniqueIdentifier>{93995380-89BD-4b04-88EB-625FBE52EBFB}</UniqueIdentifier>
      <Extensions>h;hpp;hxx;hm;inl;inc;xsd</Extensions>
    </Filter>
    <Filter Include="Classes\Helper Files">
      <UniqueIdentifier>{d410feee-5b68-458d-b3a0-5e31b1a04f11}</UniqueIdentifier>
    </Filter>
    <Filter Include="Classes\App Files">
      <UniqueIdentifier>{afb71508-0f8b-4da6-8d98-ea5572509ef7}</UniqueIdentifier>
    </Filter>
    <Filter Include="Classes\Layers">
      <UniqueIdentifier>{33a10977-1c13-42b7-b913-3f9c8ef791df}</UniqueIdentifier>
    </Filter>
    <Filter Include="Classes\Screens">
      <UniqueIdentifier>{9ed6e55c-8512-4a15-a3d5-0498841428ae}</UniqueIdentifier>
    </Filter>
    <Filter Include="Classes\Objects">
      <UniqueIdentifier>{c4efc4f3-c87a-4c4a-bbd5-7385e61a569b}</UniqueIdentifier>
    </Filter>
    <Filter Include="Classes\Managers">
      <UniqueIdentifier>{0efaf3dd-bae3-402c-8303-1bc04c05c8ac}</UniqueIdentifier>
    </Filter>
  </ItemGroup>
  <ItemGroup>
    <ClCompile Include="main.cpp">
      <Filter>win32</Filter>
    </ClCompile>
    <ClCompile Include="..\Classes\AppDelegate.cpp">
      <Filter>Classes\App Files</Filter>
    </ClCompile>
    <ClCompile Include="..\Classes\MainLayer.cpp">
      <Filter>Classes\Layers</Filter>
    </ClCompile>
    <ClCompile Include="..\Classes\GameScreen.cpp">
      <Filter>Classes\Screens</Filter>
    </ClCompile>
    <ClCompile Include="..\Classes\Object.cpp">
      <Filter>Classes\Objects</Filter>
    </ClCompile>
    <ClCompile Include="..\Classes\Player.cpp">
      <Filter>Classes\Objects</Filter>
    </ClCompile>
    <ClCompile Include="..\Classes\DetailLayer.cpp">
      <Filter>Classes\Layers</Filter>
    </ClCompile>
    <ClCompile Include="..\Classes\GLES-Render.cpp">
      <Filter>Classes\Helper Files</Filter>
    </ClCompile>
    <ClCompile Include="..\Classes\ParallaxObject.cpp">
      <Filter>Classes\Objects</Filter>
    </ClCompile>
    <ClCompile Include="..\Classes\ObstacleManager.cpp">
      <Filter>Classes\Managers</Filter>
    </ClCompile>
    <ClCompile Include="..\Classes\Obstacle.cpp">
      <Filter>Classes\Objects</Filter>
    </ClCompile>
  </ItemGroup>
  <ItemGroup>
    <ClInclude Include="main.h">
      <Filter>win32</Filter>
    </ClInclude>
    <ClInclude Include="..\Classes\CommonHeader.h">
      <Filter>Classes\Helper Files</Filter>
    </ClInclude>
    <ClInclude Include="..\Classes\AppMacros.h">
      <Filter>Classes\App Files</Filter>
    </ClInclude>
    <ClInclude Include="..\Classes\AppDelegate.h">
      <Filter>Classes\App Files</Filter>
    </ClInclude>
    <ClInclude Include="..\Classes\MainLayer.h">
      <Filter>Classes\Layers</Filter>
    </ClInclude>
    <ClInclude Include="..\Classes\GameScreen.h">
      <Filter>Classes\Screens</Filter>
    </ClInclude>
    <ClInclude Include="..\Classes\Player.h">
      <Filter>Classes\Objects</Filter>
    </ClInclude>
    <ClInclude Include="..\Classes\Object.h">
      <Filter>Classes\Objects</Filter>
    </ClInclude>
    <ClInclude Include="..\Classes\DetailLayer.h">
      <Filter>Classes\Layers</Filter>
    </ClInclude>
    <ClInclude Include="..\Classes\GLES-Render.h">
      <Filter>Classes\Helper Files</Filter>
    </ClInclude>
    <ClInclude Include="..\Classes\ParallaxObject.h">
      <Filter>Classes\Objects</Filter>
    </ClInclude>
    <ClInclude Include="..\Classes\ObstacleManager.h">
      <Filter>Classes\Managers</Filter>
    </ClInclude>
    <ClInclude Include="..\Classes\Obstacle.h">
      <Filter>Classes\Objects</Filter>
    </ClInclude>
    <ClInclude Include="..\Classes\Class Template.h">
      <Filter>Classes\Helper Files</Filter>
    </ClInclude>
  </ItemGroup>
</Project>